// !$*UTF8*$!
{
	archiveVersion = 1;
	classes = {
	};
	objectVersion = 50;
	objects = {

/* Begin PBXBuildFile section */
		9F34179A20EBBAD600DEDA3B /* AppDelegate.swift in Sources */ = {isa = PBXBuildFile; fileRef = 9F34179920EBBAD600DEDA3B /* AppDelegate.swift */; };
		9F34179C20EBBAD600DEDA3B /* ViewController.swift in Sources */ = {isa = PBXBuildFile; fileRef = 9F34179B20EBBAD600DEDA3B /* ViewController.swift */; };
		9F34179F20EBBAD600DEDA3B /* Main.storyboard in Resources */ = {isa = PBXBuildFile; fileRef = 9F34179D20EBBAD600DEDA3B /* Main.storyboard */; };
		9F3417A220EBBAD600DEDA3B /* iMovieDB.xcdatamodeld in Sources */ = {isa = PBXBuildFile; fileRef = 9F3417A020EBBAD600DEDA3B /* iMovieDB.xcdatamodeld */; };
		9F3417A420EBBAD800DEDA3B /* Assets.xcassets in Resources */ = {isa = PBXBuildFile; fileRef = 9F3417A320EBBAD800DEDA3B /* Assets.xcassets */; };
		9F3417A720EBBAD800DEDA3B /* LaunchScreen.storyboard in Resources */ = {isa = PBXBuildFile; fileRef = 9F3417A520EBBAD800DEDA3B /* LaunchScreen.storyboard */; };
		9F3417B720EBE35100DEDA3B /* ErrorManager.swift in Sources */ = {isa = PBXBuildFile; fileRef = 9F3417B020EBE35100DEDA3B /* ErrorManager.swift */; };
		9F3417B820EBE35100DEDA3B /* GlobalConstants.swift in Sources */ = {isa = PBXBuildFile; fileRef = 9F3417B220EBE35100DEDA3B /* GlobalConstants.swift */; };
		9F3417B920EBE35100DEDA3B /* Enum.swift in Sources */ = {isa = PBXBuildFile; fileRef = 9F3417B420EBE35100DEDA3B /* Enum.swift */; };
		9F3417BA20EBE35100DEDA3B /* Protocols.swift in Sources */ = {isa = PBXBuildFile; fileRef = 9F3417B620EBE35100DEDA3B /* Protocols.swift */; };
		FA2FC8A460638223BD59C35E /* Pods_iMovieDB.framework in Frameworks */ = {isa = PBXBuildFile; fileRef = 6A7D2AFC91E174B336BDB5EF /* Pods_iMovieDB.framework */; };
/* End PBXBuildFile section */

/* Begin PBXFileReference section */
		6A7D2AFC91E174B336BDB5EF /* Pods_iMovieDB.framework */ = {isa = PBXFileReference; explicitFileType = wrapper.framework; includeInIndex = 0; path = Pods_iMovieDB.framework; sourceTree = BUILT_PRODUCTS_DIR; };
		9F34179620EBBAD600DEDA3B /* iMovieDB.app */ = {isa = PBXFileReference; explicitFileType = wrapper.application; includeInIndex = 0; path = iMovieDB.app; sourceTree = BUILT_PRODUCTS_DIR; };
		9F34179920EBBAD600DEDA3B /* AppDelegate.swift */ = {isa = PBXFileReference; lastKnownFileType = sourcecode.swift; path = AppDelegate.swift; sourceTree = "<group>"; };
		9F34179B20EBBAD600DEDA3B /* ViewController.swift */ = {isa = PBXFileReference; lastKnownFileType = sourcecode.swift; path = ViewController.swift; sourceTree = "<group>"; };
		9F34179E20EBBAD600DEDA3B /* Base */ = {isa = PBXFileReference; lastKnownFileType = file.storyboard; name = Base; path = Base.lproj/Main.storyboard; sourceTree = "<group>"; };
		9F3417A120EBBAD600DEDA3B /* iMovieDB.xcdatamodel */ = {isa = PBXFileReference; lastKnownFileType = wrapper.xcdatamodel; path = iMovieDB.xcdatamodel; sourceTree = "<group>"; };
		9F3417A320EBBAD800DEDA3B /* Assets.xcassets */ = {isa = PBXFileReference; lastKnownFileType = folder.assetcatalog; path = Assets.xcassets; sourceTree = "<group>"; };
		9F3417A620EBBAD800DEDA3B /* Base */ = {isa = PBXFileReference; lastKnownFileType = file.storyboard; name = Base; path = Base.lproj/LaunchScreen.storyboard; sourceTree = "<group>"; };
		9F3417A820EBBAD800DEDA3B /* Info.plist */ = {isa = PBXFileReference; lastKnownFileType = text.plist.xml; path = Info.plist; sourceTree = "<group>"; };
		9F3417B020EBE35100DEDA3B /* ErrorManager.swift */ = {isa = PBXFileReference; fileEncoding = 4; lastKnownFileType = sourcecode.swift; path = ErrorManager.swift; sourceTree = "<group>"; };
		9F3417B220EBE35100DEDA3B /* GlobalConstants.swift */ = {isa = PBXFileReference; fileEncoding = 4; lastKnownFileType = sourcecode.swift; path = GlobalConstants.swift; sourceTree = "<group>"; };
		9F3417B420EBE35100DEDA3B /* Enum.swift */ = {isa = PBXFileReference; fileEncoding = 4; lastKnownFileType = sourcecode.swift; path = Enum.swift; sourceTree = "<group>"; };
		9F3417B620EBE35100DEDA3B /* Protocols.swift */ = {isa = PBXFileReference; fileEncoding = 4; lastKnownFileType = sourcecode.swift; path = Protocols.swift; sourceTree = "<group>"; };
		DAD7FED3124633AD6435074A /* Pods-iMovieDB.debug.xcconfig */ = {isa = PBXFileReference; includeInIndex = 1; lastKnownFileType = text.xcconfig; name = "Pods-iMovieDB.debug.xcconfig"; path = "Pods/Target Support Files/Pods-iMovieDB/Pods-iMovieDB.debug.xcconfig"; sourceTree = "<group>"; };
		FCA5106D13B1528AF6FF143A /* Pods-iMovieDB.release.xcconfig */ = {isa = PBXFileReference; includeInIndex = 1; lastKnownFileType = text.xcconfig; name = "Pods-iMovieDB.release.xcconfig"; path = "Pods/Target Support Files/Pods-iMovieDB/Pods-iMovieDB.release.xcconfig"; sourceTree = "<group>"; };
/* End PBXFileReference section */

/* Begin PBXFrameworksBuildPhase section */
		9F34179320EBBAD600DEDA3B /* Frameworks */ = {
			isa = PBXFrameworksBuildPhase;
			buildActionMask = 2147483647;
			files = (
				FA2FC8A460638223BD59C35E /* Pods_iMovieDB.framework in Frameworks */,
			);
			runOnlyForDeploymentPostprocessing = 0;
		};
/* End PBXFrameworksBuildPhase section */

/* Begin PBXGroup section */
		9F34178D20EBBAD600DEDA3B = {
			isa = PBXGroup;
			children = (
				9F34179820EBBAD600DEDA3B /* iMovieDB */,
				9F34179720EBBAD600DEDA3B /* Products */,
				F85BDA0DF72D83046AD64AE3 /* Pods */,
				FF6A83947916E2D8F78DE1A5 /* Frameworks */,
			);
			sourceTree = "<group>";
		};
		9F34179720EBBAD600DEDA3B /* Products */ = {
			isa = PBXGroup;
			children = (
				9F34179620EBBAD600DEDA3B /* iMovieDB.app */,
			);
			name = Products;
			sourceTree = "<group>";
		};
		9F34179820EBBAD600DEDA3B /* iMovieDB */ = {
			isa = PBXGroup;
			children = (
				9F3417AE20EBE35100DEDA3B /* Utils */,
				9F34179920EBBAD600DEDA3B /* AppDelegate.swift */,
				9F34179B20EBBAD600DEDA3B /* ViewController.swift */,
				9F34179D20EBBAD600DEDA3B /* Main.storyboard */,
				9F3417A320EBBAD800DEDA3B /* Assets.xcassets */,
				9F3417A520EBBAD800DEDA3B /* LaunchScreen.storyboard */,
				9F3417A820EBBAD800DEDA3B /* Info.plist */,
				9F3417A020EBBAD600DEDA3B /* iMovieDB.xcdatamodeld */,
			);
			path = iMovieDB;
			sourceTree = "<group>";
		};
		9F3417AE20EBE35100DEDA3B /* Utils */ = {
			isa = PBXGroup;
			children = (
				9F3417AF20EBE35100DEDA3B /* ErrorManager */,
				9F3417B120EBE35100DEDA3B /* Constants */,
				9F3417B320EBE35100DEDA3B /* Enum */,
				9F3417B520EBE35100DEDA3B /* Protocol */,
			);
			path = Utils;
			sourceTree = "<group>";
		};
		9F3417AF20EBE35100DEDA3B /* ErrorManager */ = {
			isa = PBXGroup;
			children = (
				9F3417B020EBE35100DEDA3B /* ErrorManager.swift */,
			);
			path = ErrorManager;
			sourceTree = "<group>";
		};
		9F3417B120EBE35100DEDA3B /* Constants */ = {
			isa = PBXGroup;
			children = (
				9F3417B220EBE35100DEDA3B /* GlobalConstants.swift */,
			);
			path = Constants;
			sourceTree = "<group>";
		};
		9F3417B320EBE35100DEDA3B /* Enum */ = {
			isa = PBXGroup;
			children = (
				9F3417B420EBE35100DEDA3B /* Enum.swift */,
			);
			path = Enum;
			sourceTree = "<group>";
		};
		9F3417B520EBE35100DEDA3B /* Protocol */ = {
			isa = PBXGroup;
			children = (
				9F3417B620EBE35100DEDA3B /* Protocols.swift */,
			);
			path = Protocol;
			sourceTree = "<group>";
		};
		F85BDA0DF72D83046AD64AE3 /* Pods */ = {
			isa = PBXGroup;
			children = (
				DAD7FED3124633AD6435074A /* Pods-iMovieDB.debug.xcconfig */,
				FCA5106D13B1528AF6FF143A /* Pods-iMovieDB.release.xcconfig */,
			);
			name = Pods;
			sourceTree = "<group>";
		};
		FF6A83947916E2D8F78DE1A5 /* Frameworks */ = {
			isa = PBXGroup;
			children = (
				6A7D2AFC91E174B336BDB5EF /* Pods_iMovieDB.framework */,
			);
			name = Frameworks;
			sourceTree = "<group>";
		};
/* End PBXGroup section */

/* Begin PBXNativeTarget section */
		9F34179520EBBAD600DEDA3B /* iMovieDB */ = {
			isa = PBXNativeTarget;
			buildConfigurationList = 9F3417AB20EBBAD800DEDA3B /* Build configuration list for PBXNativeTarget "iMovieDB" */;
			buildPhases = (
				91397AD177AD7D973EA96141 /* [CP] Check Pods Manifest.lock */,
				9F34179220EBBAD600DEDA3B /* Sources */,
				9F34179320EBBAD600DEDA3B /* Frameworks */,
				9F34179420EBBAD600DEDA3B /* Resources */,
			);
			buildRules = (
			);
			dependencies = (
			);
			name = iMovieDB;
			productName = iMovieDB;
			productReference = 9F34179620EBBAD600DEDA3B /* iMovieDB.app */;
			productType = "com.apple.product-type.application";
		};
/* End PBXNativeTarget section */

/* Begin PBXProject section */
		9F34178E20EBBAD600DEDA3B /* Project object */ = {
			isa = PBXProject;
			attributes = {
				LastSwiftUpdateCheck = 0940;
				LastUpgradeCheck = 0940;
				ORGANIZATIONNAME = "Danilo Bias";
				TargetAttributes = {
					9F34179520EBBAD600DEDA3B = {
						CreatedOnToolsVersion = 9.4.1;
					};
				};
			};
			buildConfigurationList = 9F34179120EBBAD600DEDA3B /* Build configuration list for PBXProject "iMovieDB" */;
			compatibilityVersion = "Xcode 9.3";
			developmentRegion = en;
			hasScannedForEncodings = 0;
			knownRegions = (
				en,
				Base,
			);
			mainGroup = 9F34178D20EBBAD600DEDA3B;
			productRefGroup = 9F34179720EBBAD600DEDA3B /* Products */;
			projectDirPath = "";
			projectRoot = "";
			targets = (
				9F34179520EBBAD600DEDA3B /* iMovieDB */,
			);
		};
/* End PBXProject section */

/* Begin PBXResourcesBuildPhase section */
		9F34179420EBBAD600DEDA3B /* Resources */ = {
			isa = PBXResourcesBuildPhase;
			buildActionMask = 2147483647;
			files = (
				9F3417A720EBBAD800DEDA3B /* LaunchScreen.storyboard in Resources */,
				9F3417A420EBBAD800DEDA3B /* Assets.xcassets in Resources */,
				9F34179F20EBBAD600DEDA3B /* Main.storyboard in Resources */,
			);
			runOnlyForDeploymentPostprocessing = 0;
		};
/* End PBXResourcesBuildPhase section */

/* Begin PBXShellScriptBuildPhase section */
		91397AD177AD7D973EA96141 /* [CP] Check Pods Manifest.lock */ = {
			isa = PBXShellScriptBuildPhase;
			buildActionMask = 2147483647;
			files = (
			);
			inputPaths = (
				"${PODS_PODFILE_DIR_PATH}/Podfile.lock",
				"${PODS_ROOT}/Manifest.lock",
			);
			name = "[CP] Check Pods Manifest.lock";
			outputPaths = (
				"$(DERIVED_FILE_DIR)/Pods-iMovieDB-checkManifestLockResult.txt",
			);
			runOnlyForDeploymentPostprocessing = 0;
			shellPath = /bin/sh;
			shellScript = "diff \"${PODS_PODFILE_DIR_PATH}/Podfile.lock\" \"${PODS_ROOT}/Manifest.lock\" > /dev/null\nif [ $? != 0 ] ; then\n    # print error to STDERR\n    echo \"error: The sandbox is not in sync with the Podfile.lock. Run 'pod install' or update your CocoaPods installation.\" >&2\n    exit 1\nfi\n# This output is used by Xcode 'outputs' to avoid re-running this script phase.\necho \"SUCCESS\" > \"${SCRIPT_OUTPUT_FILE_0}\"\n";
			showEnvVarsInLog = 0;
		};
/* End PBXShellScriptBuildPhase section */

/* Begin PBXSourcesBuildPhase section */
		9F34179220EBBAD600DEDA3B /* Sources */ = {
			isa = PBXSourcesBuildPhase;
			buildActionMask = 2147483647;
			files = (
				9F34179C20EBBAD600DEDA3B /* ViewController.swift in Sources */,
				9F34179A20EBBAD600DEDA3B /* AppDelegate.swift in Sources */,
				9F3417BA20EBE35100DEDA3B /* Protocols.swift in Sources */,
				9F3417B920EBE35100DEDA3B /* Enum.swift in Sources */,
				9F3417B820EBE35100DEDA3B /* GlobalConstants.swift in Sources */,
				9F3417B720EBE35100DEDA3B /* ErrorManager.swift in Sources */,
				9F3417A220EBBAD600DEDA3B /* iMovieDB.xcdatamodeld in Sources */,
			);
			runOnlyForDeploymentPostprocessing = 0;
		};
/* End PBXSourcesBuildPhase section */

/* Begin PBXVariantGroup section */
		9F34179D20EBBAD600DEDA3B /* Main.storyboard */ = {
			isa = PBXVariantGroup;
			children = (
				9F34179E20EBBAD600DEDA3B /* Base */,
			);
			name = Main.storyboard;
			sourceTree = "<group>";
		};
		9F3417A520EBBAD800DEDA3B /* LaunchScreen.storyboard */ = {
			isa = PBXVariantGroup;
			children = (
				9F3417A620EBBAD800DEDA3B /* Base */,
			);
			name = LaunchScreen.storyboard;
			sourceTree = "<group>";
		};
/* End PBXVariantGroup section */

/* Begin XCBuildConfiguration section */
		9F3417A920EBBAD800DEDA3B /* Debug */ = {
			isa = XCBuildConfiguration;
			buildSettings = {
				ALWAYS_SEARCH_USER_PATHS = NO;
				CLANG_ANALYZER_NONNULL = YES;
				CLANG_ANALYZER_NUMBER_OBJECT_CONVERSION = YES_AGGRESSIVE;
				CLANG_CXX_LANGUAGE_STANDARD = "gnu++14";
				CLANG_CXX_LIBRARY = "libc++";
				CLANG_ENABLE_MODULES = YES;
				CLANG_ENABLE_OBJC_ARC = YES;
				CLANG_ENABLE_OBJC_WEAK = YES;
				CLANG_WARN_BLOCK_CAPTURE_AUTORELEASING = YES;
				CLANG_WARN_BOOL_CONVERSION = YES;
				CLANG_WARN_COMMA = YES;
				CLANG_WARN_CONSTANT_CONVERSION = YES;
				CLANG_WARN_DEPRECATED_OBJC_IMPLEMENTATIONS = YES;
				CLANG_WARN_DIRECT_OBJC_ISA_USAGE = YES_ERROR;
				CLANG_WARN_DOCUMENTATION_COMMENTS = YES;
				CLANG_WARN_EMPTY_BODY = YES;
				CLANG_WARN_ENUM_CONVERSION = YES;
				CLANG_WARN_INFINITE_RECURSION = YES;
				CLANG_WARN_INT_CONVERSION = YES;
				CLANG_WARN_NON_LITERAL_NULL_CONVERSION = YES;
				CLANG_WARN_OBJC_IMPLICIT_RETAIN_SELF = YES;
				CLANG_WARN_OBJC_LITERAL_CONVERSION = YES;
				CLANG_WARN_OBJC_ROOT_CLASS = YES_ERROR;
				CLANG_WARN_RANGE_LOOP_ANALYSIS = YES;
				CLANG_WARN_STRICT_PROTOTYPES = YES;
				CLANG_WARN_SUSPICIOUS_MOVE = YES;
				CLANG_WARN_UNGUARDED_AVAILABILITY = YES_AGGRESSIVE;
				CLANG_WARN_UNREACHABLE_CODE = YES;
				CLANG_WARN__DUPLICATE_METHOD_MATCH = YES;
				CODE_SIGN_IDENTITY = "iPhone Developer";
				COPY_PHASE_STRIP = NO;
				DEBUG_INFORMATION_FORMAT = dwarf;
				ENABLE_STRICT_OBJC_MSGSEND = YES;
				ENABLE_TESTABILITY = YES;
				GCC_C_LANGUAGE_STANDARD = gnu11;
				GCC_DYNAMIC_NO_PIC = NO;
				GCC_NO_COMMON_BLOCKS = YES;
				GCC_OPTIMIZATION_LEVEL = 0;
				GCC_PREPROCESSOR_DEFINITIONS = (
					"DEBUG=1",
					"$(inherited)",
				);
				GCC_WARN_64_TO_32_BIT_CONVERSION = YES;
				GCC_WARN_ABOUT_RETURN_TYPE = YES_ERROR;
				GCC_WARN_UNDECLARED_SELECTOR = YES;
				GCC_WARN_UNINITIALIZED_AUTOS = YES_AGGRESSIVE;
				GCC_WARN_UNUSED_FUNCTION = YES;
				GCC_WARN_UNUSED_VARIABLE = YES;
				IPHONEOS_DEPLOYMENT_TARGET = 11.4;
				MTL_ENABLE_DEBUG_INFO = YES;
				ONLY_ACTIVE_ARCH = YES;
				SDKROOT = iphoneos;
				SWIFT_ACTIVE_COMPILATION_CONDITIONS = DEBUG;
				SWIFT_OPTIMIZATION_LEVEL = "-Onone";
			};
			name = Debug;
		};
		9F3417AA20EBBAD800DEDA3B /* Release */ = {
			isa = XCBuildConfiguration;
			buildSettings = {
				ALWAYS_SEARCH_USER_PATHS = NO;
				CLANG_ANALYZER_NONNULL = YES;
				CLANG_ANALYZER_NUMBER_OBJECT_CONVERSION = YES_AGGRESSIVE;
				CLANG_CXX_LANGUAGE_STANDARD = "gnu++14";
				CLANG_CXX_LIBRARY = "libc++";
				CLANG_ENABLE_MODULES = YES;
				CLANG_ENABLE_OBJC_ARC = YES;
				CLANG_ENABLE_OBJC_WEAK = YES;
				CLANG_WARN_BLOCK_CAPTURE_AUTORELEASING = YES;
				CLANG_WARN_BOOL_CONVERSION = YES;
				CLANG_WARN_COMMA = YES;
				CLANG_WARN_CONSTANT_CONVERSION = YES;
				CLANG_WARN_DEPRECATED_OBJC_IMPLEMENTATIONS = YES;
				CLANG_WARN_DIRECT_OBJC_ISA_USAGE = YES_ERROR;
				CLANG_WARN_DOCUMENTATION_COMMENTS = YES;
				CLANG_WARN_EMPTY_BODY = YES;
				CLANG_WARN_ENUM_CONVERSION = YES;
				CLANG_WARN_INFINITE_RECURSION = YES;
				CLANG_WARN_INT_CONVERSION = YES;
				CLANG_WARN_NON_LITERAL_NULL_CONVERSION = YES;
				CLANG_WARN_OBJC_IMPLICIT_RETAIN_SELF = YES;
				CLANG_WARN_OBJC_LITERAL_CONVERSION = YES;
				CLANG_WARN_OBJC_ROOT_CLASS = YES_ERROR;
				CLANG_WARN_RANGE_LOOP_ANALYSIS = YES;
				CLANG_WARN_STRICT_PROTOTYPES = YES;
				CLANG_WARN_SUSPICIOUS_MOVE = YES;
				CLANG_WARN_UNGUARDED_AVAILABILITY = YES_AGGRESSIVE;
				CLANG_WARN_UNREACHABLE_CODE = YES;
				CLANG_WARN__DUPLICATE_METHOD_MATCH = YES;
				CODE_SIGN_IDENTITY = "iPhone Developer";
				COPY_PHASE_STRIP = NO;
				DEBUG_INFORMATION_FORMAT = "dwarf-with-dsym";
				ENABLE_NS_ASSERTIONS = NO;
				ENABLE_STRICT_OBJC_MSGSEND = YES;
				GCC_C_LANGUAGE_STANDARD = gnu11;
				GCC_NO_COMMON_BLOCKS = YES;
				GCC_WARN_64_TO_32_BIT_CONVERSION = YES;
				GCC_WARN_ABOUT_RETURN_TYPE = YES_ERROR;
				GCC_WARN_UNDECLARED_SELECTOR = YES;
				GCC_WARN_UNINITIALIZED_AUTOS = YES_AGGRESSIVE;
				GCC_WARN_UNUSED_FUNCTION = YES;
				GCC_WARN_UNUSED_VARIABLE = YES;
				IPHONEOS_DEPLOYMENT_TARGET = 11.4;
				MTL_ENABLE_DEBUG_INFO = NO;
				SDKROOT = iphoneos;
				SWIFT_COMPILATION_MODE = wholemodule;
				SWIFT_OPTIMIZATION_LEVEL = "-O";
				VALIDATE_PRODUCT = YES;
			};
			name = Release;
		};
		9F3417AC20EBBAD800DEDA3B /* Debug */ = {
			isa = XCBuildConfiguration;
			baseConfigurationReference = DAD7FED3124633AD6435074A /* Pods-iMovieDB.debug.xcconfig */;
			buildSettings = {
				ASSETCATALOG_COMPILER_APPICON_NAME = AppIcon;
				CODE_SIGN_STYLE = Automatic;
				DEVELOPMENT_TEAM = CE2N9W8684;
				INFOPLIST_FILE = iMovieDB/Info.plist;
				IPHONEOS_DEPLOYMENT_TARGET = 11.0;
				LD_RUNPATH_SEARCH_PATHS = (
					"$(inherited)",
					"@executable_path/Frameworks",
				);
				PRODUCT_BUNDLE_IDENTIFIER = com.sample.iMovieDB;
				PRODUCT_NAME = "$(TARGET_NAME)";
				SWIFT_VERSION = 4.0;
				TARGETED_DEVICE_FAMILY = "1,2";
			};
			name = Debug;
		};
		9F3417AD20EBBAD800DEDA3B /* Release */ = {
			isa = XCBuildConfiguration;
			baseConfigurationReference = FCA5106D13B1528AF6FF143A /* Pods-iMovieDB.release.xcconfig */;
			buildSettings = {
				ASSETCATALOG_COMPILER_APPICON_NAME = AppIcon;
				CODE_SIGN_STYLE = Automatic;
				DEVELOPMENT_TEAM = CE2N9W8684;
				INFOPLIST_FILE = iMovieDB/Info.plist;
				IPHONEOS_DEPLOYMENT_TARGET = 11.0;
				LD_RUNPATH_SEARCH_PATHS = (
					"$(inherited)",
					"@executable_path/Frameworks",
				);
				PRODUCT_BUNDLE_IDENTIFIER = com.sample.iMovieDB;
				PRODUCT_NAME = "$(TARGET_NAME)";
				SWIFT_VERSION = 4.0;
				TARGETED_DEVICE_FAMILY = "1,2";
			};
			name = Release;
		};
/* End XCBuildConfiguration section */

/* Begin XCConfigurationList section */
		9F34179120EBBAD600DEDA3B /* Build configuration list for PBXProject "iMovieDB" */ = {
			isa = XCConfigurationList;
			buildConfigurations = (
				9F3417A920EBBAD800DEDA3B /* Debug */,
				9F3417AA20EBBAD800DEDA3B /* Release */,
			);
			defaultConfigurationIsVisible = 0;
			defaultConfigurationName = Release;
		};
		9F3417AB20EBBAD800DEDA3B /* Build configuration list for PBXNativeTarget "iMovieDB" */ = {
			isa = XCConfigurationList;
			buildConfigurations = (
				9F3417AC20EBBAD800DEDA3B /* Debug */,
				9F3417AD20EBBAD800DEDA3B /* Release */,
			);
			defaultConfigurationIsVisible = 0;
			defaultConfigurationName = Release;
		};
/* End XCConfigurationList section */

/* Begin XCVersionGroup section */
		9F3417A020EBBAD600DEDA3B /* iMovieDB.xcdatamodeld */ = {
			isa = XCVersionGroup;
			children = (
				9F3417A120EBBAD600DEDA3B /* iMovieDB.xcdatamodel */,
			);
			currentVersion = 9F3417A120EBBAD600DEDA3B /* iMovieDB.xcdatamodel */;
			path = iMovieDB.xcdatamodeld;
			sourceTree = "<group>";
			versionGroupType = wrapper.xcdatamodel;
		};
/* End XCVersionGroup section */
	};
	rootObject = 9F34178E20EBBAD600DEDA3B /* Project object */;
}
